
Microsoft Visual Studio Solution File, Format Version 12.00
# Visual Studio Version 17
VisualStudioVersion = 17.9.34728.123
MinimumVisualStudioVersion = 10.0.40219.1
Project("{9A19103F-16F7-4668-BE54-9A1E7A4F7556}") = "PlaywrightTests", "PlaywrightTest\PlaywrightTests.csproj", "{BBE0C830-DFE0-42AC-ADD7-0676CC673E72}"
EndProject
Global
	GlobalSection(SolutionConfigurationPlatforms) = preSolution
		Debug|Any CPU = Debug|Any CPU
		Release|Any CPU = Release|Any CPU
	EndGlobalSection
	GlobalSection(ProjectConfigurationPlatforms) = postSolution
		{BBE0C830-DFE0-42AC-ADD7-0676CC673E72}.Debug|Any CPU.ActiveCfg = Debug|Any CPU
		{BBE0C830-DFE0-42AC-ADD7-0676CC673E72}.Debug|Any CPU.Build.0 = Debug|Any CPU
		{BBE0C830-DFE0-42AC-ADD7-0676CC673E72}.Release|Any CPU.ActiveCfg = Release|Any CPU
		{BBE0C830-DFE0-42AC-ADD7-0676CC673E72}.Release|Any CPU.Build.0 = Release|Any CPU
	EndGlobalSection
	GlobalSection(SolutionProperties) = preSolution
		HideSolutionNode = FALSE
	EndGlobalSection
	GlobalSection(ExtensibilityGlobals) = postSolution
		SolutionGuid = {5F1137C2-7112-4F3B-9B78-5DA00E4C3A14}
	EndGlobalSection
EndGlobal
